
Microsoft Visual Studio Solution File, Format Version 12.00
# Visual Studio Version 17
VisualStudioVersion = 17.1.32228.430
MinimumVisualStudioVersion = 10.0.40219.1
Project("{FAE04EC0-301F-11D3-BF4B-00C04F79EFBC}") = "HakikiEmlakcim", "HakikiEmlakcim\HakikiEmlakcim.csproj", "{3F37AFEB-8478-4AB8-988C-0DF5D1E35D6C}"
EndProject
Project("{FAE04EC0-301F-11D3-BF4B-00C04F79EFBC}") = "DataAccess", "DataAccess\DataAccess.csproj", "{0A07D429-06D4-4596-A4D7-1778BDC8D148}"
EndProject
Project("{FAE04EC0-301F-11D3-BF4B-00C04F79EFBC}") = "Business", "Business\Business.csproj", "{CF290876-9F2E-4FDF-958C-E0684ACF202E}"
EndProject
Project("{FAE04EC0-301F-11D3-BF4B-00C04F79EFBC}") = "Core", "Core\Core.csproj", "{BB7195D6-2551-4CD9-91DC-2DAC6CBBAF4F}"
EndProject
Project("{FAE04EC0-301F-11D3-BF4B-00C04F79EFBC}") = "Entities", "Entities\Entities.csproj", "{0849B14D-D98B-49AB-89E7-E1C2F929F580}"
EndProject
Global
	GlobalSection(SolutionConfigurationPlatforms) = preSolution
		Debug|Any CPU = Debug|Any CPU
		Release|Any CPU = Release|Any CPU
	EndGlobalSection
	GlobalSection(ProjectConfigurationPlatforms) = postSolution
		{3F37AFEB-8478-4AB8-988C-0DF5D1E35D6C}.Debug|Any CPU.ActiveCfg = Debug|Any CPU
		{3F37AFEB-8478-4AB8-988C-0DF5D1E35D6C}.Debug|Any CPU.Build.0 = Debug|Any CPU
		{3F37AFEB-8478-4AB8-988C-0DF5D1E35D6C}.Release|Any CPU.ActiveCfg = Release|Any CPU
		{3F37AFEB-8478-4AB8-988C-0DF5D1E35D6C}.Release|Any CPU.Build.0 = Release|Any CPU
		{0A07D429-06D4-4596-A4D7-1778BDC8D148}.Debug|Any CPU.ActiveCfg = Debug|Any CPU
		{0A07D429-06D4-4596-A4D7-1778BDC8D148}.Debug|Any CPU.Build.0 = Debug|Any CPU
		{0A07D429-06D4-4596-A4D7-1778BDC8D148}.Release|Any CPU.ActiveCfg = Release|Any CPU
		{0A07D429-06D4-4596-A4D7-1778BDC8D148}.Release|Any CPU.Build.0 = Release|Any CPU
		{CF290876-9F2E-4FDF-958C-E0684ACF202E}.Debug|Any CPU.ActiveCfg = Debug|Any CPU
		{CF290876-9F2E-4FDF-958C-E0684ACF202E}.Debug|Any CPU.Build.0 = Debug|Any CPU
		{CF290876-9F2E-4FDF-958C-E0684ACF202E}.Release|Any CPU.ActiveCfg = Release|Any CPU
		{CF290876-9F2E-4FDF-958C-E0684ACF202E}.Release|Any CPU.Build.0 = Release|Any CPU
		{BB7195D6-2551-4CD9-91DC-2DAC6CBBAF4F}.Debug|Any CPU.ActiveCfg = Debug|Any CPU
		{BB7195D6-2551-4CD9-91DC-2DAC6CBBAF4F}.Debug|Any CPU.Build.0 = Debug|Any CPU
		{BB7195D6-2551-4CD9-91DC-2DAC6CBBAF4F}.Release|Any CPU.ActiveCfg = Release|Any CPU
		{BB7195D6-2551-4CD9-91DC-2DAC6CBBAF4F}.Release|Any CPU.Build.0 = Release|Any CPU
		{0849B14D-D98B-49AB-89E7-E1C2F929F580}.Debug|Any CPU.ActiveCfg = Debug|Any CPU
		{0849B14D-D98B-49AB-89E7-E1C2F929F580}.Debug|Any CPU.Build.0 = Debug|Any CPU
		{0849B14D-D98B-49AB-89E7-E1C2F929F580}.Release|Any CPU.ActiveCfg = Release|Any CPU
		{0849B14D-D98B-49AB-89E7-E1C2F929F580}.Release|Any CPU.Build.0 = Release|Any CPU
	EndGlobalSection
	GlobalSection(SolutionProperties) = preSolution
		HideSolutionNode = FALSE
	EndGlobalSection
	GlobalSection(ExtensibilityGlobals) = postSolution
		SolutionGuid = {2FF48090-4194-46A3-A487-DE0353BF38FD}
	EndGlobalSection
EndGlobal
